// !$*UTF8*$!
{
	archiveVersion = 1;
	classes = {
	};
	objectVersion = 46;
	objects = {

/* Begin PBXBuildFile section */
		133FD80E1DF616B000C9BAE1 /* AppDelegate.swift in Sources */ = {isa = PBXBuildFile; fileRef = 133FD80D1DF616B000C9BAE1 /* AppDelegate.swift */; };
		133FD8101DF616B000C9BAE1 /* ViewController.swift in Sources */ = {isa = PBXBuildFile; fileRef = 133FD80F1DF616B000C9BAE1 /* ViewController.swift */; };
		133FD8131DF616B000C9BAE1 /* Main.storyboard in Resources */ = {isa = PBXBuildFile; fileRef = 133FD8111DF616B000C9BAE1 /* Main.storyboard */; };
		133FD8161DF616B000C9BAE1 /* CoolWeather.xcdatamodeld in Sources */ = {isa = PBXBuildFile; fileRef = 133FD8141DF616B000C9BAE1 /* CoolWeather.xcdatamodeld */; };
		133FD8181DF616B000C9BAE1 /* Assets.xcassets in Resources */ = {isa = PBXBuildFile; fileRef = 133FD8171DF616B000C9BAE1 /* Assets.xcassets */; };
		133FD81B1DF616B000C9BAE1 /* LaunchScreen.storyboard in Resources */ = {isa = PBXBuildFile; fileRef = 133FD8191DF616B000C9BAE1 /* LaunchScreen.storyboard */; };
		CA656DFC913A6A52CDBF5847 /* Pods_CoolWeather.framework in Frameworks */ = {isa = PBXBuildFile; fileRef = 220B9F40E1365CCFF41B507F /* Pods_CoolWeather.framework */; };
/* End PBXBuildFile section */

/* Begin PBXFileReference section */
		133FD80A1DF616B000C9BAE1 /* CoolWeather.app */ = {isa = PBXFileReference; explicitFileType = wrapper.application; includeInIndex = 0; path = CoolWeather.app; sourceTree = BUILT_PRODUCTS_DIR; };
		133FD80D1DF616B000C9BAE1 /* AppDelegate.swift */ = {isa = PBXFileReference; lastKnownFileType = sourcecode.swift; path = AppDelegate.swift; sourceTree = "<group>"; };
		133FD80F1DF616B000C9BAE1 /* ViewController.swift */ = {isa = PBXFileReference; lastKnownFileType = sourcecode.swift; path = ViewController.swift; sourceTree = "<group>"; };
		133FD8121DF616B000C9BAE1 /* Base */ = {isa = PBXFileReference; lastKnownFileType = file.storyboard; name = Base; path = Base.lproj/Main.storyboard; sourceTree = "<group>"; };
		133FD8151DF616B000C9BAE1 /* CoolWeather.xcdatamodel */ = {isa = PBXFileReference; lastKnownFileType = wrapper.xcdatamodel; path = CoolWeather.xcdatamodel; sourceTree = "<group>"; };
		133FD8171DF616B000C9BAE1 /* Assets.xcassets */ = {isa = PBXFileReference; lastKnownFileType = folder.assetcatalog; path = Assets.xcassets; sourceTree = "<group>"; };
		133FD81A1DF616B000C9BAE1 /* Base */ = {isa = PBXFileReference; lastKnownFileType = file.storyboard; name = Base; path = Base.lproj/LaunchScreen.storyboard; sourceTree = "<group>"; };
		133FD81C1DF616B000C9BAE1 /* Info.plist */ = {isa = PBXFileReference; lastKnownFileType = text.plist.xml; path = Info.plist; sourceTree = "<group>"; };
		220B9F40E1365CCFF41B507F /* Pods_CoolWeather.framework */ = {isa = PBXFileReference; explicitFileType = wrapper.framework; includeInIndex = 0; path = Pods_CoolWeather.framework; sourceTree = BUILT_PRODUCTS_DIR; };
		5E64DC00B937CAE0B58E947D /* Pods-CoolWeather.release.xcconfig */ = {isa = PBXFileReference; includeInIndex = 1; lastKnownFileType = text.xcconfig; name = "Pods-CoolWeather.release.xcconfig"; path = "Pods/Target Support Files/Pods-CoolWeather/Pods-CoolWeather.release.xcconfig"; sourceTree = "<group>"; };
		93284CA53A5266371E9423DB /* Pods-CoolWeather.debug.xcconfig */ = {isa = PBXFileReference; includeInIndex = 1; lastKnownFileType = text.xcconfig; name = "Pods-CoolWeather.debug.xcconfig"; path = "Pods/Target Support Files/Pods-CoolWeather/Pods-CoolWeather.debug.xcconfig"; sourceTree = "<group>"; };
/* End PBXFileReference section */

/* Begin PBXFrameworksBuildPhase section */
		133FD8071DF616B000C9BAE1 /* Frameworks */ = {
			isa = PBXFrameworksBuildPhase;
			buildActionMask = 2147483647;
			files = (
				CA656DFC913A6A52CDBF5847 /* Pods_CoolWeather.framework in Frameworks */,
			);
			runOnlyForDeploymentPostprocessing = 0;
		};
/* End PBXFrameworksBuildPhase section */

/* Begin PBXGroup section */
		133FD8011DF616B000C9BAE1 = {
			isa = PBXGroup;
			children = (
				133FD80C1DF616B000C9BAE1 /* CoolWeather */,
				133FD80B1DF616B000C9BAE1 /* Products */,
				8247277E5B31E2C836817B14 /* Pods */,
				767F7B0A52CD46C3915A8052 /* Frameworks */,
			);
			sourceTree = "<group>";
		};
		133FD80B1DF616B000C9BAE1 /* Products */ = {
			isa = PBXGroup;
			children = (
				133FD80A1DF616B000C9BAE1 /* CoolWeather.app */,
			);
			name = Products;
			sourceTree = "<group>";
		};
		133FD80C1DF616B000C9BAE1 /* CoolWeather */ = {
			isa = PBXGroup;
			children = (
				133FD80D1DF616B000C9BAE1 /* AppDelegate.swift */,
				133FD80F1DF616B000C9BAE1 /* ViewController.swift */,
				133FD8111DF616B000C9BAE1 /* Main.storyboard */,
				133FD8171DF616B000C9BAE1 /* Assets.xcassets */,
				133FD8191DF616B000C9BAE1 /* LaunchScreen.storyboard */,
				133FD81C1DF616B000C9BAE1 /* Info.plist */,
				133FD8141DF616B000C9BAE1 /* CoolWeather.xcdatamodeld */,
			);
			path = CoolWeather;
			sourceTree = "<group>";
		};
		767F7B0A52CD46C3915A8052 /* Frameworks */ = {
			isa = PBXGroup;
			children = (
				220B9F40E1365CCFF41B507F /* Pods_CoolWeather.framework */,
			);
			name = Frameworks;
			sourceTree = "<group>";
		};
		8247277E5B31E2C836817B14 /* Pods */ = {
			isa = PBXGroup;
			children = (
				93284CA53A5266371E9423DB /* Pods-CoolWeather.debug.xcconfig */,
				5E64DC00B937CAE0B58E947D /* Pods-CoolWeather.release.xcconfig */,
			);
			name = Pods;
			sourceTree = "<group>";
		};
/* End PBXGroup section */

/* Begin PBXNativeTarget section */
		133FD8091DF616B000C9BAE1 /* CoolWeather */ = {
			isa = PBXNativeTarget;
			buildConfigurationList = 133FD81F1DF616B000C9BAE1 /* Build configuration list for PBXNativeTarget "CoolWeather" */;
			buildPhases = (
				F44ABECB04E3A8B64E79BF21 /* [CP] Check Pods Manifest.lock */,
				133FD8061DF616B000C9BAE1 /* Sources */,
				133FD8071DF616B000C9BAE1 /* Frameworks */,
				133FD8081DF616B000C9BAE1 /* Resources */,
				31FB3B3D6A9D38FE60810D79 /* [CP] Embed Pods Frameworks */,
				EADF87C4B6379B70F06BF5C3 /* [CP] Copy Pods Resources */,
			);
			buildRules = (
			);
			dependencies = (
			);
			name = CoolWeather;
			productName = CoolWeather;
			productReference = 133FD80A1DF616B000C9BAE1 /* CoolWeather.app */;
			productType = "com.apple.product-type.application";
		};
/* End PBXNativeTarget section */

/* Begin PBXProject section */
		133FD8021DF616B000C9BAE1 /* Project object */ = {
			isa = PBXProject;
			attributes = {
				LastSwiftUpdateCheck = 0810;
				LastUpgradeCheck = 0810;
				ORGANIZATIONNAME = self.edu;
				TargetAttributes = {
					133FD8091DF616B000C9BAE1 = {
						CreatedOnToolsVersion = 8.1;
						DevelopmentTeam = E59D2Z958U;
						LastSwiftMigration = 0810;
						ProvisioningStyle = Automatic;
					};
				};
			};
			buildConfigurationList = 133FD8051DF616B000C9BAE1 /* Build configuration list for PBXProject "CoolWeather" */;
			compatibilityVersion = "Xcode 3.2";
			developmentRegion = English;
			hasScannedForEncodings = 0;
			knownRegions = (
				en,
				Base,
			);
			mainGroup = 133FD8011DF616B000C9BAE1;
			productRefGroup = 133FD80B1DF616B000C9BAE1 /* Products */;
			projectDirPath = "";
			projectRoot = "";
			targets = (
				133FD8091DF616B000C9BAE1 /* CoolWeather */,
			);
		};
/* End PBXProject section */

/* Begin PBXResourcesBuildPhase section */
		133FD8081DF616B000C9BAE1 /* Resources */ = {
			isa = PBXResourcesBuildPhase;
			buildActionMask = 2147483647;
			files = (
				133FD81B1DF616B000C9BAE1 /* LaunchScreen.storyboard in Resources */,
				133FD8181DF616B000C9BAE1 /* Assets.xcassets in Resources */,
				133FD8131DF616B000C9BAE1 /* Main.storyboard in Resources */,
			);
			runOnlyForDeploymentPostprocessing = 0;
		};
/* End PBXResourcesBuildPhase section */

/* Begin PBXShellScriptBuildPhase section */
		31FB3B3D6A9D38FE60810D79 /* [CP] Embed Pods Frameworks */ = {
			isa = PBXShellScriptBuildPhase;
			buildActionMask = 2147483647;
			files = (
			);
			inputPaths = (
			);
			name = "[CP] Embed Pods Frameworks";
			outputPaths = (
			);
			runOnlyForDeploymentPostprocessing = 0;
			shellPath = /bin/sh;
			shellScript = "\"${SRCROOT}/Pods/Target Support Files/Pods-CoolWeather/Pods-CoolWeather-frameworks.sh\"\n";
			showEnvVarsInLog = 0;
		};
		EADF87C4B6379B70F06BF5C3 /* [CP] Copy Pods Resources */ = {
			isa = PBXShellScriptBuildPhase;
			buildActionMask = 2147483647;
			files = (
			);
			inputPaths = (
			);
			name = "[CP] Copy Pods Resources";
			outputPaths = (
			);
			runOnlyForDeploymentPostprocessing = 0;
			shellPath = /bin/sh;
			shellScript = "\"${SRCROOT}/Pods/Target Support Files/Pods-CoolWeather/Pods-CoolWeather-resources.sh\"\n";
			showEnvVarsInLog = 0;
		};
		F44ABECB04E3A8B64E79BF21 /* [CP] Check Pods Manifest.lock */ = {
			isa = PBXShellScriptBuildPhase;
			buildActionMask = 2147483647;
			files = (
			);
			inputPaths = (
			);
			name = "[CP] Check Pods Manifest.lock";
			outputPaths = (
			);
			runOnlyForDeploymentPostprocessing = 0;
			shellPath = /bin/sh;
			shellScript = "diff \"${PODS_ROOT}/../Podfile.lock\" \"${PODS_ROOT}/Manifest.lock\" > /dev/null\nif [[ $? != 0 ]] ; then\n    cat << EOM\nerror: The sandbox is not in sync with the Podfile.lock. Run 'pod install' or update your CocoaPods installation.\nEOM\n    exit 1\nfi\n";
			showEnvVarsInLog = 0;
		};
/* End PBXShellScriptBuildPhase section */

/* Begin PBXSourcesBuildPhase section */
		133FD8061DF616B000C9BAE1 /* Sources */ = {
			isa = PBXSourcesBuildPhase;
			buildActionMask = 2147483647;
			files = (
				133FD8161DF616B000C9BAE1 /* CoolWeather.xcdatamodeld in Sources */,
				133FD8101DF616B000C9BAE1 /* ViewController.swift in Sources */,
				133FD80E1DF616B000C9BAE1 /* AppDelegate.swift in Sources */,
			);
			runOnlyForDeploymentPostprocessing = 0;
		};
/* End PBXSourcesBuildPhase section */

/* Begin PBXVariantGroup section */
		133FD8111DF616B000C9BAE1 /* Main.storyboard */ = {
			isa = PBXVariantGroup;
			children = (
				133FD8121DF616B000C9BAE1 /* Base */,
			);
			name = Main.storyboard;
			sourceTree = "<group>";
		};
		133FD8191DF616B000C9BAE1 /* LaunchScreen.storyboard */ = {
			isa = PBXVariantGroup;
			children = (
				133FD81A1DF616B000C9BAE1 /* Base */,
			);
			name = LaunchScreen.storyboard;
			sourceTree = "<group>";
		};
/* End PBXVariantGroup section */

/* Begin XCBuildConfiguration section */
		133FD81D1DF616B000C9BAE1 /* Debug */ = {
			isa = XCBuildConfiguration;
			buildSettings = {
				ALWAYS_SEARCH_USER_PATHS = NO;
				CLANG_ANALYZER_NONNULL = YES;
				CLANG_CXX_LANGUAGE_STANDARD = "gnu++0x";
				CLANG_CXX_LIBRARY = "libc++";
				CLANG_ENABLE_MODULES = YES;
				CLANG_ENABLE_OBJC_ARC = YES;
				CLANG_WARN_BOOL_CONVERSION = YES;
				CLANG_WARN_CONSTANT_CONVERSION = YES;
				CLANG_WARN_DIRECT_OBJC_ISA_USAGE = YES_ERROR;
				CLANG_WARN_DOCUMENTATION_COMMENTS = YES;
				CLANG_WARN_EMPTY_BODY = YES;
				CLANG_WARN_ENUM_CONVERSION = YES;
				CLANG_WARN_INFINITE_RECURSION = YES;
				CLANG_WARN_INT_CONVERSION = YES;
				CLANG_WARN_OBJC_ROOT_CLASS = YES_ERROR;
				CLANG_WARN_SUSPICIOUS_MOVES = YES;
				CLANG_WARN_UNREACHABLE_CODE = YES;
				CLANG_WARN__DUPLICATE_METHOD_MATCH = YES;
				"CODE_SIGN_IDENTITY[sdk=iphoneos*]" = "iPhone Developer";
				COPY_PHASE_STRIP = NO;
				DEBUG_INFORMATION_FORMAT = dwarf;
				ENABLE_STRICT_OBJC_MSGSEND = YES;
				ENABLE_TESTABILITY = YES;
				GCC_C_LANGUAGE_STANDARD = gnu99;
				GCC_DYNAMIC_NO_PIC = NO;
				GCC_NO_COMMON_BLOCKS = YES;
				GCC_OPTIMIZATION_LEVEL = 0;
				GCC_PREPROCESSOR_DEFINITIONS = (
					"DEBUG=1",
					"$(inherited)",
				);
				GCC_WARN_64_TO_32_BIT_CONVERSION = YES;
				GCC_WARN_ABOUT_RETURN_TYPE = YES_ERROR;
				GCC_WARN_UNDECLARED_SELECTOR = YES;
				GCC_WARN_UNINITIALIZED_AUTOS = YES_AGGRESSIVE;
				GCC_WARN_UNUSED_FUNCTION = YES;
				GCC_WARN_UNUSED_VARIABLE = YES;
				IPHONEOS_DEPLOYMENT_TARGET = 10.1;
				MTL_ENABLE_DEBUG_INFO = YES;
				ONLY_ACTIVE_ARCH = YES;
				SDKROOT = iphoneos;
				SWIFT_ACTIVE_COMPILATION_CONDITIONS = DEBUG;
				SWIFT_OPTIMIZATION_LEVEL = "-Onone";
			};
			name = Debug;
		};
		133FD81E1DF616B000C9BAE1 /* Release */ = {
			isa = XCBuildConfiguration;
			buildSettings = {
				ALWAYS_SEARCH_USER_PATHS = NO;
				CLANG_ANALYZER_NONNULL = YES;
				CLANG_CXX_LANGUAGE_STANDARD = "gnu++0x";
				CLANG_CXX_LIBRARY = "libc++";
				CLANG_ENABLE_MODULES = YES;
				CLANG_ENABLE_OBJC_ARC = YES;
				CLANG_WARN_BOOL_CONVERSION = YES;
				CLANG_WARN_CONSTANT_CONVERSION = YES;
				CLANG_WARN_DIRECT_OBJC_ISA_USAGE = YES_ERROR;
				CLANG_WARN_DOCUMENTATION_COMMENTS = YES;
				CLANG_WARN_EMPTY_BODY = YES;
				CLANG_WARN_ENUM_CONVERSION = YES;
				CLANG_WARN_INFINITE_RECURSION = YES;
				CLANG_WARN_INT_CONVERSION = YES;
				CLANG_WARN_OBJC_ROOT_CLASS = YES_ERROR;
				CLANG_WARN_SUSPICIOUS_MOVES = YES;
				CLANG_WARN_UNREACHABLE_CODE = YES;
				CLANG_WARN__DUPLICATE_METHOD_MATCH = YES;
				"CODE_SIGN_IDENTITY[sdk=iphoneos*]" = "iPhone Developer";
				COPY_PHASE_STRIP = NO;
				DEBUG_INFORMATION_FORMAT = "dwarf-with-dsym";
				ENABLE_NS_ASSERTIONS = NO;
				ENABLE_STRICT_OBJC_MSGSEND = YES;
				GCC_C_LANGUAGE_STANDARD = gnu99;
				GCC_NO_COMMON_BLOCKS = YES;
				GCC_WARN_64_TO_32_BIT_CONVERSION = YES;
				GCC_WARN_ABOUT_RETURN_TYPE = YES_ERROR;
				GCC_WARN_UNDECLARED_SELECTOR = YES;
				GCC_WARN_UNINITIALIZED_AUTOS = YES_AGGRESSIVE;
				GCC_WARN_UNUSED_FUNCTION = YES;
				GCC_WARN_UNUSED_VARIABLE = YES;
				IPHONEOS_DEPLOYMENT_TARGET = 10.1;
				MTL_ENABLE_DEBUG_INFO = NO;
				SDKROOT = iphoneos;
				SWIFT_OPTIMIZATION_LEVEL = "-Owholemodule";
				VALIDATE_PRODUCT = YES;
			};
			name = Release;
		};
		133FD8201DF616B000C9BAE1 /* Debug */ = {
			isa = XCBuildConfiguration;
			baseConfigurationReference = 93284CA53A5266371E9423DB /* Pods-CoolWeather.debug.xcconfig */;
			buildSettings = {
				ASSETCATALOG_COMPILER_APPICON_NAME = AppIcon;
				DEVELOPMENT_TEAM = E59D2Z958U;
				INFOPLIST_FILE = CoolWeather/Info.plist;
				LD_RUNPATH_SEARCH_PATHS = "$(inherited) @executable_path/Frameworks";
				PRODUCT_BUNDLE_IDENTIFIER = self.edu.CoolWeather;
				PRODUCT_NAME = "$(TARGET_NAME)";
				SWIFT_VERSION = 3.0;
			};
			name = Debug;
		};
		133FD8211DF616B000C9BAE1 /* Release */ = {
			isa = XCBuildConfiguration;
			baseConfigurationReference = 5E64DC00B937CAE0B58E947D /* Pods-CoolWeather.release.xcconfig */;
			buildSettings = {
				ASSETCATALOG_COMPILER_APPICON_NAME = AppIcon;
				DEVELOPMENT_TEAM = E59D2Z958U;
				INFOPLIST_FILE = CoolWeather/Info.plist;
				LD_RUNPATH_SEARCH_PATHS = "$(inherited) @executable_path/Frameworks";
				PRODUCT_BUNDLE_IDENTIFIER = self.edu.CoolWeather;
				PRODUCT_NAME = "$(TARGET_NAME)";
				SWIFT_VERSION = 3.0;
			};
			name = Release;
		};
/* End XCBuildConfiguration section */

/* Begin XCConfigurationList section */
		133FD8051DF616B000C9BAE1 /* Build configuration list for PBXProject "CoolWeather" */ = {
			isa = XCConfigurationList;
			buildConfigurations = (
				133FD81D1DF616B000C9BAE1 /* Debug */,
				133FD81E1DF616B000C9BAE1 /* Release */,
			);
			defaultConfigurationIsVisible = 0;
			defaultConfigurationName = Release;
		};
		133FD81F1DF616B000C9BAE1 /* Build configuration list for PBXNativeTarget "CoolWeather" */ = {
			isa = XCConfigurationList;
			buildConfigurations = (
				133FD8201DF616B000C9BAE1 /* Debug */,
				133FD8211DF616B000C9BAE1 /* Release */,
			);
			defaultConfigurationIsVisible = 0;
			defaultConfigurationName = Release;
		};
/* End XCConfigurationList section */

/* Begin XCVersionGroup section */
		133FD8141DF616B000C9BAE1 /* CoolWeather.xcdatamodeld */ = {
			isa = XCVersionGroup;
			children = (
				133FD8151DF616B000C9BAE1 /* CoolWeather.xcdatamodel */,
			);
			currentVersion = 133FD8151DF616B000C9BAE1 /* CoolWeather.xcdatamodel */;
			path = CoolWeather.xcdatamodeld;
			sourceTree = "<group>";
			versionGroupType = wrapper.xcdatamodel;
		};
/* End XCVersionGroup section */
	};
	rootObject = 133FD8021DF616B000C9BAE1 /* Project object */;
}
